
Microsoft Visual Studio Solution File, Format Version 12.00
# Visual Studio Version 16
VisualStudioVersion = 16.0.28922.388
MinimumVisualStudioVersion = 10.0.40219.1
Project("{FAE04EC0-301F-11D3-BF4B-00C04F79EFBC}") = "HelloIntRawaa", "HelloIntRawaa\HelloIntRawaa.csproj", "{69AF6578-A690-4796-ADB0-0D0CA43A6F59}"
EndProject
Global
	GlobalSection(SolutionConfigurationPlatforms) = preSolution
		Debug|Any CPU = Debug|Any CPU
		Release|Any CPU = Release|Any CPU
	EndGlobalSection
	GlobalSection(ProjectConfigurationPlatforms) = postSolution
		{69AF6578-A690-4796-ADB0-0D0CA43A6F59}.Debug|Any CPU.ActiveCfg = Debug|Any CPU
		{69AF6578-A690-4796-ADB0-0D0CA43A6F59}.Debug|Any CPU.Build.0 = Debug|Any CPU
		{69AF6578-A690-4796-ADB0-0D0CA43A6F59}.Release|Any CPU.ActiveCfg = Release|Any CPU
		{69AF6578-A690-4796-ADB0-0D0CA43A6F59}.Release|Any CPU.Build.0 = Release|Any CPU
	EndGlobalSection
	GlobalSection(SolutionProperties) = preSolution
		HideSolutionNode = FALSE
	EndGlobalSection
	GlobalSection(ExtensibilityGlobals) = postSolution
		SolutionGuid = {F7EA4E6D-E311-4739-82E1-4A8442D467DF}
	EndGlobalSection
EndGlobal
